
Microsoft Visual Studio Solution File, Format Version 9.00
# Visual C# Express 2005
Project("{FAE04EC0-301F-11D3-BF4B-00C04F79EFBC}") = "DemoApplication", "DemoApplication\DemoApplication.csproj", "{9E09F52F-B67F-4738-AD59-6AC64EE5CAC4}"
EndProject
Global
	GlobalSection(SolutionConfigurationPlatforms) = preSolution
		Debug|Any CPU = Debug|Any CPU
		Release|Any CPU = Release|Any CPU
	EndGlobalSection
	GlobalSection(ProjectConfigurationPlatforms) = postSolution
		{9E09F52F-B67F-4738-AD59-6AC64EE5CAC4}.Debug|Any CPU.ActiveCfg = Debug|Any CPU
		{9E09F52F-B67F-4738-AD59-6AC64EE5CAC4}.Debug|Any CPU.Build.0 = Debug|Any CPU
		{9E09F52F-B67F-4738-AD59-6AC64EE5CAC4}.Release|Any CPU.ActiveCfg = Release|Any CPU
		{9E09F52F-B67F-4738-AD59-6AC64EE5CAC4}.Release|Any CPU.Build.0 = Release|Any CPU
	EndGlobalSection
	GlobalSection(SolutionProperties) = preSolution
		HideSolutionNode = FALSE
	EndGlobalSection
EndGlobal
